
Microsoft Visual Studio Solution File, Format Version 12.00
# Visual Studio Version 17
VisualStudioVersion = 17.8.34330.188
MinimumVisualStudioVersion = 10.0.40219.1
Project("{FAE04EC0-301F-11D3-BF4B-00C04F79EFBC}") = "BSExtraColorPresets", "BSExtraColorPresets.csproj", "{5601E407-EC93-4D3D-897A-8404E991FA74}"
EndProject
Global
	GlobalSection(SolutionConfigurationPlatforms) = preSolution
		Debug|Any CPU = Debug|Any CPU
		Release|Any CPU = Release|Any CPU
	EndGlobalSection
	GlobalSection(ProjectConfigurationPlatforms) = postSolution
		{5601E407-EC93-4D3D-897A-8404E991FA74}.Debug|Any CPU.ActiveCfg = Debug|Any CPU
		{5601E407-EC93-4D3D-897A-8404E991FA74}.Debug|Any CPU.Build.0 = Debug|Any CPU
		{5601E407-EC93-4D3D-897A-8404E991FA74}.Release|Any CPU.ActiveCfg = Release|Any CPU
		{5601E407-EC93-4D3D-897A-8404E991FA74}.Release|Any CPU.Build.0 = Release|Any CPU
	EndGlobalSection
	GlobalSection(SolutionProperties) = preSolution
		HideSolutionNode = FALSE
	EndGlobalSection
	GlobalSection(ExtensibilityGlobals) = postSolution
		SolutionGuid = {5B7D36FE-0862-4FA7-80C4-9FFDF6BC1D6B}
	EndGlobalSection
EndGlobal
